<?xml version="1.0" encoding="utf-8"?>
<Project ToolsVersion="4.0" xmlns="http://schemas.microsoft.com/developer/msbuild/2003">
  <ItemGroup>
    <Filter Include="Header">
      <UniqueIdentifier>{42198426-0aff-499a-ba0b-1aae8968efa8}</UniqueIdentifier>
    </Filter>
    <Filter Include="Source">
      <UniqueIdentifier>{3aca86cf-90c7-4edb-9a21-d8ab30c515a1}</UniqueIdentifier>
    </Filter>
  </ItemGroup>
  <ItemGroup>
    <ClCompile Include="main.cpp">
      <Filter>Source</Filter>
    </ClCompile>
    <ClCompile Include="Engine.cpp">
      <Filter>Source</Filter>
    </ClCompile>
    <ClCompile Include="ObjectManager.cpp">
      <Filter>Source</Filter>
    </ClCompile>
    <ClCompile Include="FloatVector2.cpp">
      <Filter>Source</Filter>
    </ClCompile>
    <ClCompile Include="TestObject.cpp">
      <Filter>Source</Filter>
    </ClCompile>
    <ClCompile Include="Subject.cpp">
      <Filter>Source</Filter>
    </ClCompile>
    <ClCompile Include="ShapeRenderer.cpp">
      <Filter>Source</Filter>
    </ClCompile>
    <ClCompile Include="TextureCache.cpp">
      <Filter>Source</Filter>
    </ClCompile>
    <ClCompile Include="SpriteRenderer.cpp">
      <Filter>Source</Filter>
    </ClCompile>
    <ClCompile Include="EngineObject.cpp">
      <Filter>Source</Filter>
    </ClCompile>
  </ItemGroup>
  <ItemGroup>
    <ClInclude Include="stdafx.h">
      <Filter>Header</Filter>
    </ClInclude>
    <ClInclude Include="Engine.h">
      <Filter>Header</Filter>
    </ClInclude>
    <ClInclude Include="ObjectPool.h">
      <Filter>Header</Filter>
    </ClInclude>
    <ClInclude Include="ObjectManager.h">
      <Filter>Header</Filter>
    </ClInclude>
    <ClInclude Include="Renderer.h">
      <Filter>Header</Filter>
    </ClInclude>
    <ClInclude Include="Transform.h">
      <Filter>Header</Filter>
    </ClInclude>
    <ClInclude Include="FloatVector2.h">
      <Filter>Header</Filter>
    </ClInclude>
    <ClInclude Include="TestObject.h">
      <Filter>Header</Filter>
    </ClInclude>
    <ClInclude Include="Subject.h">
      <Filter>Header</Filter>
    </ClInclude>
    <ClInclude Include="Observer.h">
      <Filter>Header</Filter>
    </ClInclude>
    <ClInclude Include="Entity.h">
      <Filter>Header</Filter>
    </ClInclude>
    <ClInclude Include="ShapeRenderer.h">
      <Filter>Header</Filter>
    </ClInclude>
    <ClInclude Include="TextureCache.h">
      <Filter>Header</Filter>
    </ClInclude>
    <ClInclude Include="SpriteRenderer.h">
      <Filter>Header</Filter>
    </ClInclude>
    <ClInclude Include="Collider.h">
      <Filter>Header</Filter>
    </ClInclude>
    <ClInclude Include="EngineObject.h">
      <Filter>Header</Filter>
    </ClInclude>
  </ItemGroup>
</Project>